
Microsoft Visual Studio Solution File, Format Version 12.00
# Visual Studio Version 17
VisualStudioVersion = 17.2.32505.173
MinimumVisualStudioVersion = 10.0.40219.1
Project("{FAE04EC0-301F-11D3-BF4B-00C04F79EFBC}") = "PizzeriaRazor", "PizzeriaRazor\PizzeriaRazor.csproj", "{B2501CFD-4F45-473D-9851-50FB6AE43A52}"
EndProject
Global
	GlobalSection(SolutionConfigurationPlatforms) = preSolution
		Debug|Any CPU = Debug|Any CPU
		Release|Any CPU = Release|Any CPU
	EndGlobalSection
	GlobalSection(ProjectConfigurationPlatforms) = postSolution
		{B2501CFD-4F45-473D-9851-50FB6AE43A52}.Debug|Any CPU.ActiveCfg = Debug|Any CPU
		{B2501CFD-4F45-473D-9851-50FB6AE43A52}.Debug|Any CPU.Build.0 = Debug|Any CPU
		{B2501CFD-4F45-473D-9851-50FB6AE43A52}.Release|Any CPU.ActiveCfg = Release|Any CPU
		{B2501CFD-4F45-473D-9851-50FB6AE43A52}.Release|Any CPU.Build.0 = Release|Any CPU
	EndGlobalSection
	GlobalSection(SolutionProperties) = preSolution
		HideSolutionNode = FALSE
	EndGlobalSection
	GlobalSection(ExtensibilityGlobals) = postSolution
		SolutionGuid = {E6A23D80-A266-4B66-A1A0-EEB71AEFFD75}
	EndGlobalSection
EndGlobal
